# This file is @generated by PDM.
# It is not intended for manual editing.

[metadata]
groups = ["default", "dev"]
strategy = ["cross_platform", "inherit_metadata"]
lock_version = "4.4.1"
content_hash = "sha256:914d38538da691d9174c794ddd493e9af4489573fdef915d9c490b8f737370e4"

[[package]]
name = "annotated-types"
version = "0.7.0"
requires_python = ">=3.8"
summary = "Reusable constraint types to use with typing.Annotated"
groups = ["default"]
files = [
    {file = "annotated_types-0.7.0-py3-none-any.whl", hash = "sha256:1f02e8b43a8fbbc3f3e0d4f0f4bfc8131bcb4eebe8849b8e5c773f3a1c582a53"},
    {file = "annotated_types-0.7.0.tar.gz", hash = "sha256:aff07c09a53a08bc8cfccb9c85b05f1aa9a2a6f23728d790723543408344ce89"},
]

[[package]]
name = "asttokens"
version = "2.4.1"
summary = "Annotate AST trees with source code positions"
groups = ["dev"]
dependencies = [
    "six>=1.12.0",
]
files = [
    {file = "asttokens-2.4.1-py2.py3-none-any.whl", hash = "sha256:051ed49c3dcae8913ea7cd08e46a606dba30b79993209636c4875bc1d637bc24"},
    {file = "asttokens-2.4.1.tar.gz", hash = "sha256:b03869718ba9a6eb027e134bfdf69f38a236d681c83c160d510768af11254ba0"},
]

[[package]]
name = "async-lru"
version = "2.0.4"
requires_python = ">=3.8"
summary = "Simple LRU cache for asyncio"
groups = ["default"]
files = [
    {file = "async-lru-2.0.4.tar.gz", hash = "sha256:b8a59a5df60805ff63220b2a0c5b5393da5521b113cd5465a44eb037d81a5627"},
    {file = "async_lru-2.0.4-py3-none-any.whl", hash = "sha256:ff02944ce3c288c5be660c42dbcca0742b32c3b279d6dceda655190240b99224"},
]

[[package]]
name = "certifi"
version = "2024.2.2"
requires_python = ">=3.6"
summary = "Python package for providing Mozilla's CA Bundle."
groups = ["default"]
marker = "platform_system == \"Windows\""
files = [
    {file = "certifi-2024.2.2-py3-none-any.whl", hash = "sha256:dc383c07b76109f368f6106eee2b593b04a011ea4d55f652c6ca24a754d1cdd1"},
    {file = "certifi-2024.2.2.tar.gz", hash = "sha256:0569859f95fc761b18b45ef421b1290a0f65f147e92a1e5eb3e635f9a5e4e66f"},
]

[[package]]
name = "colorama"
version = "0.4.6"
requires_python = "!=3.0.*,!=3.1.*,!=3.2.*,!=3.3.*,!=3.4.*,!=3.5.*,!=3.6.*,>=2.7"
summary = "Cross-platform colored terminal text."
groups = ["dev"]
marker = "sys_platform == \"win32\""
files = [
    {file = "colorama-0.4.6-py2.py3-none-any.whl", hash = "sha256:4f1d9991f5acc0ca119f9d443620b77f9d6b33703e51011c16baf57afb285fc6"},
    {file = "colorama-0.4.6.tar.gz", hash = "sha256:08695f5cb7ed6e0531a20572697297273c47b8cae5a63ffc6d6ed5c201be6e44"},
]

[[package]]
name = "decorator"
version = "5.1.1"
requires_python = ">=3.5"
summary = "Decorators for Humans"
groups = ["dev"]
files = [
    {file = "decorator-5.1.1-py3-none-any.whl", hash = "sha256:b8c3f85900b9dc423225913c5aace94729fe1fa9763b38939a95226f02d37186"},
    {file = "decorator-5.1.1.tar.gz", hash = "sha256:637996211036b6385ef91435e4fae22989472f9d571faba8927ba8253acbc330"},
]

[[package]]
name = "edgedb"
version = "2.0.0"
requires_python = ">=3.8"
summary = "EdgeDB Python driver"
groups = ["default"]
dependencies = [
    "certifi>=2021.5.30; platform_system == \"Windows\"",
]
files = [
    {file = "edgedb-2.0.0-cp311-cp311-macosx_10_9_x86_64.whl", hash = "sha256:359474e1d430fce083d2b41712ef6c5fcead6812820fc4d1d0b4747c40052eac"},
    {file = "edgedb-2.0.0-cp311-cp311-macosx_11_0_arm64.whl", hash = "sha256:653c6921c01209a205e7b7711456953807666b80fd159f9bdfda179d8ce192c8"},
    {file = "edgedb-2.0.0-cp311-cp311-manylinux_2_17_aarch64.manylinux2014_aarch64.whl", hash = "sha256:a621c150f2c406cda46066f5d22549063c906833935c7d242214dd764c9c4734"},
    {file = "edgedb-2.0.0-cp311-cp311-manylinux_2_17_x86_64.manylinux2014_x86_64.whl", hash = "sha256:0f41a3f13c2c54f40dab79cb4051e6384ce0764bc943f7771d1e3fcf0099bd14"},
    {file = "edgedb-2.0.0-cp311-cp311-win_amd64.whl", hash = "sha256:dce0fc7ed524929f5499704471bb63cfef7b1cd846801f232bc0fa1ab69fe2a3"},
    {file = "edgedb-2.0.0-cp312-cp312-macosx_10_9_x86_64.whl", hash = "sha256:12600c6650e4576c8362e7e0150328a25a0635702bdf1267965713a13a8d98ec"},
    {file = "edgedb-2.0.0-cp312-cp312-macosx_11_0_arm64.whl", hash = "sha256:f8bec00e4cbd43ddfbeead078f0828adfe4bd01cb554f16cdd64f29df35c49af"},
    {file = "edgedb-2.0.0-cp312-cp312-manylinux_2_17_aarch64.manylinux2014_aarch64.whl", hash = "sha256:82a9e7d7c24104cbcaf7cf9d05884d9f305aa208db0ecfbeb1dcb78b6e852685"},
    {file = "edgedb-2.0.0-cp312-cp312-manylinux_2_17_x86_64.manylinux2014_x86_64.whl", hash = "sha256:f6c51f8999b83320974895540f51e0d48a94a59d7b53cf404f386f9045a78a57"},
    {file = "edgedb-2.0.0-cp312-cp312-win_amd64.whl", hash = "sha256:5d1089d34fa007a36ad14a4b4e8c03404ec5df72d6e334c9b7b96fde64d6b1b0"},
    {file = "edgedb-2.0.0.tar.gz", hash = "sha256:35a5db34a2a291e126214c124bba78e8f6e5fcf3df7497be2db23a3c9be8d995"},
]

[[package]]
name = "executing"
version = "2.0.1"
requires_python = ">=3.5"
summary = "Get the currently executing AST node of a frame, and other information"
groups = ["dev"]
files = [
    {file = "executing-2.0.1-py2.py3-none-any.whl", hash = "sha256:eac49ca94516ccc753f9fb5ce82603156e590b27525a8bc32cce8ae302eb61bc"},
    {file = "executing-2.0.1.tar.gz", hash = "sha256:35afe2ce3affba8ee97f2d69927fa823b08b472b7b994e36a52a964b93d16147"},
]

[[package]]
name = "ipython"
version = "8.25.0"
requires_python = ">=3.10"
summary = "IPython: Productive Interactive Computing"
groups = ["dev"]
dependencies = [
    "colorama; sys_platform == \"win32\"",
    "decorator",
    "jedi>=0.16",
    "matplotlib-inline",
    "pexpect>4.3; sys_platform != \"win32\" and sys_platform != \"emscripten\"",
    "prompt-toolkit<3.1.0,>=3.0.41",
    "pygments>=2.4.0",
    "stack-data",
    "traitlets>=5.13.0",
    "typing-extensions>=4.6; python_version < \"3.12\"",
]
files = [
    {file = "ipython-8.25.0-py3-none-any.whl", hash = "sha256:53eee7ad44df903a06655871cbab66d156a051fd86f3ec6750470ac9604ac1ab"},
    {file = "ipython-8.25.0.tar.gz", hash = "sha256:c6ed726a140b6e725b911528f80439c534fac915246af3efc39440a6b0f9d716"},
]

[[package]]
name = "jedi"
version = "0.19.1"
requires_python = ">=3.6"
summary = "An autocompletion tool for Python that can be used for text editors."
groups = ["dev"]
dependencies = [
    "parso<0.9.0,>=0.8.3",
]
files = [
    {file = "jedi-0.19.1-py2.py3-none-any.whl", hash = "sha256:e983c654fe5c02867aef4cdfce5a2fbb4a50adc0af145f70504238f18ef5e7e0"},
    {file = "jedi-0.19.1.tar.gz", hash = "sha256:cf0496f3651bc65d7174ac1b7d043eff454892c708a87d1b683e57b569927ffd"},
]

[[package]]
name = "matplotlib-inline"
version = "0.1.7"
requires_python = ">=3.8"
summary = "Inline Matplotlib backend for Jupyter"
groups = ["dev"]
dependencies = [
    "traitlets",
]
files = [
    {file = "matplotlib_inline-0.1.7-py3-none-any.whl", hash = "sha256:df192d39a4ff8f21b1895d72e6a13f5fcc5099f00fa84384e0ea28c2cc0653ca"},
    {file = "matplotlib_inline-0.1.7.tar.gz", hash = "sha256:8423b23ec666be3d16e16b60bdd8ac4e86e840ebd1dd11a30b9f117f2fa0ab90"},
]

[[package]]
name = "orjson"
version = "3.10.5"
requires_python = ">=3.8"
summary = "Fast, correct Python JSON library supporting dataclasses, datetimes, and numpy"
groups = ["default"]
files = [
    {file = "orjson-3.10.5-cp311-cp311-macosx_10_15_x86_64.macosx_11_0_arm64.macosx_10_15_universal2.whl", hash = "sha256:cdf7365063e80899ae3a697def1277c17a7df7ccfc979990a403dfe77bb54d40"},
    {file = "orjson-3.10.5-cp311-cp311-manylinux_2_17_aarch64.manylinux2014_aarch64.whl", hash = "sha256:6b68742c469745d0e6ca5724506858f75e2f1e5b59a4315861f9e2b1df77775a"},
    {file = "orjson-3.10.5-cp311-cp311-manylinux_2_17_ppc64le.manylinux2014_ppc64le.whl", hash = "sha256:7d10cc1b594951522e35a3463da19e899abe6ca95f3c84c69e9e901e0bd93d38"},
    {file = "orjson-3.10.5-cp311-cp311-manylinux_2_17_s390x.manylinux2014_s390x.whl", hash = "sha256:dcbe82b35d1ac43b0d84072408330fd3295c2896973112d495e7234f7e3da2e1"},
    {file = "orjson-3.10.5-cp311-cp311-manylinux_2_17_x86_64.manylinux2014_x86_64.whl", hash = "sha256:10c0eb7e0c75e1e486c7563fe231b40fdd658a035ae125c6ba651ca3b07936f5"},
    {file = "orjson-3.10.5-cp311-cp311-musllinux_1_2_aarch64.whl", hash = "sha256:53ed1c879b10de56f35daf06dbc4a0d9a5db98f6ee853c2dbd3ee9d13e6f302f"},
    {file = "orjson-3.10.5-cp311-cp311-musllinux_1_2_x86_64.whl", hash = "sha256:099e81a5975237fda3100f918839af95f42f981447ba8f47adb7b6a3cdb078fa"},
    {file = "orjson-3.10.5-cp311-none-win32.whl", hash = "sha256:1146bf85ea37ac421594107195db8bc77104f74bc83e8ee21a2e58596bfb2f04"},
    {file = "orjson-3.10.5-cp311-none-win_amd64.whl", hash = "sha256:36a10f43c5f3a55c2f680efe07aa93ef4a342d2960dd2b1b7ea2dd764fe4a37c"},
    {file = "orjson-3.10.5-cp312-cp312-macosx_10_15_x86_64.macosx_11_0_arm64.macosx_10_15_universal2.whl", hash = "sha256:68f85ecae7af14a585a563ac741b0547a3f291de81cd1e20903e79f25170458f"},
    {file = "orjson-3.10.5-cp312-cp312-manylinux_2_17_aarch64.manylinux2014_aarch64.whl", hash = "sha256:28afa96f496474ce60d3340fe8d9a263aa93ea01201cd2bad844c45cd21f5268"},
    {file = "orjson-3.10.5-cp312-cp312-manylinux_2_17_ppc64le.manylinux2014_ppc64le.whl", hash = "sha256:9cd684927af3e11b6e754df80b9ffafd9fb6adcaa9d3e8fdd5891be5a5cad51e"},
    {file = "orjson-3.10.5-cp312-cp312-manylinux_2_17_s390x.manylinux2014_s390x.whl", hash = "sha256:3d21b9983da032505f7050795e98b5d9eee0df903258951566ecc358f6696969"},
    {file = "orjson-3.10.5-cp312-cp312-manylinux_2_17_x86_64.manylinux2014_x86_64.whl", hash = "sha256:1ad1de7fef79736dde8c3554e75361ec351158a906d747bd901a52a5c9c8d24b"},
    {file = "orjson-3.10.5-cp312-cp312-musllinux_1_2_aarch64.whl", hash = "sha256:2d97531cdfe9bdd76d492e69800afd97e5930cb0da6a825646667b2c6c6c0211"},
    {file = "orjson-3.10.5-cp312-cp312-musllinux_1_2_x86_64.whl", hash = "sha256:d69858c32f09c3e1ce44b617b3ebba1aba030e777000ebdf72b0d8e365d0b2b3"},
    {file = "orjson-3.10.5-cp312-none-win32.whl", hash = "sha256:64c9cc089f127e5875901ac05e5c25aa13cfa5dbbbd9602bda51e5c611d6e3e2"},
    {file = "orjson-3.10.5-cp312-none-win_amd64.whl", hash = "sha256:b2efbd67feff8c1f7728937c0d7f6ca8c25ec81373dc8db4ef394c1d93d13dc5"},
    {file = "orjson-3.10.5.tar.gz", hash = "sha256:7a5baef8a4284405d96c90c7c62b755e9ef1ada84c2406c24a9ebec86b89f46d"},
]

[[package]]
name = "parso"
version = "0.8.4"
requires_python = ">=3.6"
summary = "A Python Parser"
groups = ["dev"]
files = [
    {file = "parso-0.8.4-py2.py3-none-any.whl", hash = "sha256:a418670a20291dacd2dddc80c377c5c3791378ee1e8d12bffc35420643d43f18"},
    {file = "parso-0.8.4.tar.gz", hash = "sha256:eb3a7b58240fb99099a345571deecc0f9540ea5f4dd2fe14c2a99d6b281ab92d"},
]

[[package]]
name = "pexpect"
version = "4.9.0"
summary = "Pexpect allows easy control of interactive console applications."
groups = ["dev"]
marker = "sys_platform != \"win32\" and sys_platform != \"emscripten\""
dependencies = [
    "ptyprocess>=0.5",
]
files = [
    {file = "pexpect-4.9.0-py2.py3-none-any.whl", hash = "sha256:7236d1e080e4936be2dc3e326cec0af72acf9212a7e1d060210e70a47e253523"},
    {file = "pexpect-4.9.0.tar.gz", hash = "sha256:ee7d41123f3c9911050ea2c2dac107568dc43b2d3b0c7557a33212c398ead30f"},
]

[[package]]
name = "prompt-toolkit"
version = "3.0.47"
requires_python = ">=3.7.0"
summary = "Library for building powerful interactive command lines in Python"
groups = ["dev"]
dependencies = [
    "wcwidth",
]
files = [
    {file = "prompt_toolkit-3.0.47-py3-none-any.whl", hash = "sha256:0d7bfa67001d5e39d02c224b663abc33687405033a8c422d0d675a5a13361d10"},
    {file = "prompt_toolkit-3.0.47.tar.gz", hash = "sha256:1e1b29cb58080b1e69f207c893a1a7bf16d127a5c30c9d17a25a5d77792e5360"},
]

[[package]]
name = "ptyprocess"
version = "0.7.0"
summary = "Run a subprocess in a pseudo terminal"
groups = ["dev"]
marker = "sys_platform != \"win32\" and sys_platform != \"emscripten\""
files = [
    {file = "ptyprocess-0.7.0-py2.py3-none-any.whl", hash = "sha256:4b41f3967fce3af57cc7e94b888626c18bf37a083e3651ca8feeb66d492fef35"},
    {file = "ptyprocess-0.7.0.tar.gz", hash = "sha256:5c5d0a3b48ceee0b48485e0c26037c0acd7d29765ca3fbb5cb3831d347423220"},
]

[[package]]
name = "pure-eval"
version = "0.2.2"
summary = "Safely evaluate AST nodes without side effects"
groups = ["dev"]
files = [
    {file = "pure_eval-0.2.2-py3-none-any.whl", hash = "sha256:01eaab343580944bc56080ebe0a674b39ec44a945e6d09ba7db3cb8cec289350"},
    {file = "pure_eval-0.2.2.tar.gz", hash = "sha256:2b45320af6dfaa1750f543d714b6d1c520a1688dec6fd24d339063ce0aaa9ac3"},
]

[[package]]
name = "pydantic"
version = "2.7.4"
requires_python = ">=3.8"
summary = "Data validation using Python type hints"
groups = ["default"]
dependencies = [
    "annotated-types>=0.4.0",
    "pydantic-core==2.18.4",
    "typing-extensions>=4.6.1",
]
files = [
    {file = "pydantic-2.7.4-py3-none-any.whl", hash = "sha256:ee8538d41ccb9c0a9ad3e0e5f07bf15ed8015b481ced539a1759d8cc89ae90d0"},
    {file = "pydantic-2.7.4.tar.gz", hash = "sha256:0c84efd9548d545f63ac0060c1e4d39bb9b14db8b3c0652338aecc07b5adec52"},
]

[[package]]
name = "pydantic-core"
version = "2.18.4"
requires_python = ">=3.8"
summary = "Core functionality for Pydantic validation and serialization"
groups = ["default"]
dependencies = [
    "typing-extensions!=4.7.0,>=4.6.0",
]
files = [
    {file = "pydantic_core-2.18.4-cp311-cp311-macosx_10_12_x86_64.whl", hash = "sha256:942ba11e7dfb66dc70f9ae66b33452f51ac7bb90676da39a7345e99ffb55402d"},
    {file = "pydantic_core-2.18.4-cp311-cp311-macosx_11_0_arm64.whl", hash = "sha256:b2ebef0e0b4454320274f5e83a41844c63438fdc874ea40a8b5b4ecb7693f1c4"},
    {file = "pydantic_core-2.18.4-cp311-cp311-manylinux_2_17_aarch64.manylinux2014_aarch64.whl", hash = "sha256:a642295cd0c8df1b86fc3dced1d067874c353a188dc8e0f744626d49e9aa51c4"},
    {file = "pydantic_core-2.18.4-cp311-cp311-manylinux_2_17_armv7l.manylinux2014_armv7l.whl", hash = "sha256:5f09baa656c904807e832cf9cce799c6460c450c4ad80803517032da0cd062e2"},
    {file = "pydantic_core-2.18.4-cp311-cp311-manylinux_2_17_ppc64le.manylinux2014_ppc64le.whl", hash = "sha256:98906207f29bc2c459ff64fa007afd10a8c8ac080f7e4d5beff4c97086a3dabd"},
    {file = "pydantic_core-2.18.4-cp311-cp311-manylinux_2_17_s390x.manylinux2014_s390x.whl", hash = "sha256:19894b95aacfa98e7cb093cd7881a0c76f55731efad31073db4521e2b6ff5b7d"},
    {file = "pydantic_core-2.18.4-cp311-cp311-manylinux_2_17_x86_64.manylinux2014_x86_64.whl", hash = "sha256:0fbbdc827fe5e42e4d196c746b890b3d72876bdbf160b0eafe9f0334525119c8"},
    {file = "pydantic_core-2.18.4-cp311-cp311-manylinux_2_5_i686.manylinux1_i686.whl", hash = "sha256:f85d05aa0918283cf29a30b547b4df2fbb56b45b135f9e35b6807cb28bc47951"},
    {file = "pydantic_core-2.18.4-cp311-cp311-musllinux_1_1_aarch64.whl", hash = "sha256:e85637bc8fe81ddb73fda9e56bab24560bdddfa98aa64f87aaa4e4b6730c23d2"},
    {file = "pydantic_core-2.18.4-cp311-cp311-musllinux_1_1_x86_64.whl", hash = "sha256:2f5966897e5461f818e136b8451d0551a2e77259eb0f73a837027b47dc95dab9"},
    {file = "pydantic_core-2.18.4-cp311-none-win32.whl", hash = "sha256:44c7486a4228413c317952e9d89598bcdfb06399735e49e0f8df643e1ccd0558"},
    {file = "pydantic_core-2.18.4-cp311-none-win_amd64.whl", hash = "sha256:8a7164fe2005d03c64fd3b85649891cd4953a8de53107940bf272500ba8a788b"},
    {file = "pydantic_core-2.18.4-cp311-none-win_arm64.whl", hash = "sha256:4e99bc050fe65c450344421017f98298a97cefc18c53bb2f7b3531eb39bc7805"},
    {file = "pydantic_core-2.18.4-cp312-cp312-macosx_10_12_x86_64.whl", hash = "sha256:6f5c4d41b2771c730ea1c34e458e781b18cc668d194958e0112455fff4e402b2"},
    {file = "pydantic_core-2.18.4-cp312-cp312-macosx_11_0_arm64.whl", hash = "sha256:2fdf2156aa3d017fddf8aea5adfba9f777db1d6022d392b682d2a8329e087cef"},
    {file = "pydantic_core-2.18.4-cp312-cp312-manylinux_2_17_aarch64.manylinux2014_aarch64.whl", hash = "sha256:4748321b5078216070b151d5271ef3e7cc905ab170bbfd27d5c83ee3ec436695"},
    {file = "pydantic_core-2.18.4-cp312-cp312-manylinux_2_17_armv7l.manylinux2014_armv7l.whl", hash = "sha256:847a35c4d58721c5dc3dba599878ebbdfd96784f3fb8bb2c356e123bdcd73f34"},
    {file = "pydantic_core-2.18.4-cp312-cp312-manylinux_2_17_ppc64le.manylinux2014_ppc64le.whl", hash = "sha256:3c40d4eaad41f78e3bbda31b89edc46a3f3dc6e171bf0ecf097ff7a0ffff7cb1"},
    {file = "pydantic_core-2.18.4-cp312-cp312-manylinux_2_17_s390x.manylinux2014_s390x.whl", hash = "sha256:21a5e440dbe315ab9825fcd459b8814bb92b27c974cbc23c3e8baa2b76890077"},
    {file = "pydantic_core-2.18.4-cp312-cp312-manylinux_2_17_x86_64.manylinux2014_x86_64.whl", hash = "sha256:01dd777215e2aa86dfd664daed5957704b769e726626393438f9c87690ce78c3"},
    {file = "pydantic_core-2.18.4-cp312-cp312-manylinux_2_5_i686.manylinux1_i686.whl", hash = "sha256:4b06beb3b3f1479d32befd1f3079cc47b34fa2da62457cdf6c963393340b56e9"},
    {file = "pydantic_core-2.18.4-cp312-cp312-musllinux_1_1_aarch64.whl", hash = "sha256:564d7922e4b13a16b98772441879fcdcbe82ff50daa622d681dd682175ea918c"},
    {file = "pydantic_core-2.18.4-cp312-cp312-musllinux_1_1_x86_64.whl", hash = "sha256:0eb2a4f660fcd8e2b1c90ad566db2b98d7f3f4717c64fe0a83e0adb39766d5b8"},
    {file = "pydantic_core-2.18.4-cp312-none-win32.whl", hash = "sha256:8b8bab4c97248095ae0c4455b5a1cd1cdd96e4e4769306ab19dda135ea4cdb07"},
    {file = "pydantic_core-2.18.4-cp312-none-win_amd64.whl", hash = "sha256:14601cdb733d741b8958224030e2bfe21a4a881fb3dd6fbb21f071cabd48fa0a"},
    {file = "pydantic_core-2.18.4-cp312-none-win_arm64.whl", hash = "sha256:c1322d7dd74713dcc157a2b7898a564ab091ca6c58302d5c7b4c07296e3fd00f"},
    {file = "pydantic_core-2.18.4-pp310-pypy310_pp73-macosx_10_12_x86_64.whl", hash = "sha256:574d92eac874f7f4db0ca653514d823a0d22e2354359d0759e3f6a406db5d55d"},
    {file = "pydantic_core-2.18.4-pp310-pypy310_pp73-macosx_11_0_arm64.whl", hash = "sha256:1f4d26ceb5eb9eed4af91bebeae4b06c3fb28966ca3a8fb765208cf6b51102ab"},
    {file = "pydantic_core-2.18.4-pp310-pypy310_pp73-manylinux_2_17_aarch64.manylinux2014_aarch64.whl", hash = "sha256:77450e6d20016ec41f43ca4a6c63e9fdde03f0ae3fe90e7c27bdbeaece8b1ed4"},
    {file = "pydantic_core-2.18.4-pp310-pypy310_pp73-manylinux_2_17_x86_64.manylinux2014_x86_64.whl", hash = "sha256:d323a01da91851a4f17bf592faf46149c9169d68430b3146dcba2bb5e5719abc"},
    {file = "pydantic_core-2.18.4-pp310-pypy310_pp73-manylinux_2_5_i686.manylinux1_i686.whl", hash = "sha256:43d447dd2ae072a0065389092a231283f62d960030ecd27565672bd40746c507"},
    {file = "pydantic_core-2.18.4-pp310-pypy310_pp73-musllinux_1_1_aarch64.whl", hash = "sha256:578e24f761f3b425834f297b9935e1ce2e30f51400964ce4801002435a1b41ef"},
    {file = "pydantic_core-2.18.4-pp310-pypy310_pp73-musllinux_1_1_x86_64.whl", hash = "sha256:81b5efb2f126454586d0f40c4d834010979cb80785173d1586df845a632e4e6d"},
    {file = "pydantic_core-2.18.4-pp310-pypy310_pp73-win_amd64.whl", hash = "sha256:ab86ce7c8f9bea87b9d12c7f0af71102acbf5ecbc66c17796cff45dae54ef9a5"},
    {file = "pydantic_core-2.18.4-pp39-pypy39_pp73-macosx_10_12_x86_64.whl", hash = "sha256:90afc12421df2b1b4dcc975f814e21bc1754640d502a2fbcc6d41e77af5ec312"},
    {file = "pydantic_core-2.18.4-pp39-pypy39_pp73-macosx_11_0_arm64.whl", hash = "sha256:51991a89639a912c17bef4b45c87bd83593aee0437d8102556af4885811d59f5"},
    {file = "pydantic_core-2.18.4-pp39-pypy39_pp73-manylinux_2_17_aarch64.manylinux2014_aarch64.whl", hash = "sha256:293afe532740370aba8c060882f7d26cfd00c94cae32fd2e212a3a6e3b7bc15e"},
    {file = "pydantic_core-2.18.4-pp39-pypy39_pp73-manylinux_2_17_x86_64.manylinux2014_x86_64.whl", hash = "sha256:b48ece5bde2e768197a2d0f6e925f9d7e3e826f0ad2271120f8144a9db18d5c8"},
    {file = "pydantic_core-2.18.4-pp39-pypy39_pp73-manylinux_2_5_i686.manylinux1_i686.whl", hash = "sha256:eae237477a873ab46e8dd748e515c72c0c804fb380fbe6c85533c7de51f23a8f"},
    {file = "pydantic_core-2.18.4-pp39-pypy39_pp73-musllinux_1_1_aarch64.whl", hash = "sha256:834b5230b5dfc0c1ec37b2fda433b271cbbc0e507560b5d1588e2cc1148cf1ce"},
    {file = "pydantic_core-2.18.4-pp39-pypy39_pp73-musllinux_1_1_x86_64.whl", hash = "sha256:e858ac0a25074ba4bce653f9b5d0a85b7456eaddadc0ce82d3878c22489fa4ee"},
    {file = "pydantic_core-2.18.4-pp39-pypy39_pp73-win_amd64.whl", hash = "sha256:2fd41f6eff4c20778d717af1cc50eca52f5afe7805ee530a4fbd0bae284f16e9"},
    {file = "pydantic_core-2.18.4.tar.gz", hash = "sha256:ec3beeada09ff865c344ff3bc2f427f5e6c26401cc6113d77e372c3fdac73864"},
]

[[package]]
name = "pygments"
version = "2.18.0"
requires_python = ">=3.8"
summary = "Pygments is a syntax highlighting package written in Python."
groups = ["dev"]
files = [
    {file = "pygments-2.18.0-py3-none-any.whl", hash = "sha256:b8e6aca0523f3ab76fee51799c488e38782ac06eafcf95e7ba832985c8e7b13a"},
    {file = "pygments-2.18.0.tar.gz", hash = "sha256:786ff802f32e91311bff3889f6e9a86e81505fe99f2735bb6d60ae0c5004f199"},
]

[[package]]
name = "regex"
version = "2024.5.10"
requires_python = ">=3.8"
summary = "Alternative regular expression module, to replace re."
groups = ["default"]
files = [
    {file = "regex-2024.5.10-cp311-cp311-macosx_10_9_universal2.whl", hash = "sha256:bf9596cba92ce7b1fd32c7b07c6e3212c7eed0edc271757e48bfcd2b54646452"},
    {file = "regex-2024.5.10-cp311-cp311-macosx_10_9_x86_64.whl", hash = "sha256:45cc13d398b6359a7708986386f72bd156ae781c3e83a68a6d4cee5af04b1ce9"},
    {file = "regex-2024.5.10-cp311-cp311-macosx_11_0_arm64.whl", hash = "sha256:ad45f3bccfcb00868f2871dce02a755529838d2b86163ab8a246115e80cfb7d6"},
    {file = "regex-2024.5.10-cp311-cp311-manylinux_2_17_aarch64.manylinux2014_aarch64.whl", hash = "sha256:33d19f0cde6838c81acffff25c7708e4adc7dd02896c9ec25c3939b1500a1778"},
    {file = "regex-2024.5.10-cp311-cp311-manylinux_2_17_ppc64le.manylinux2014_ppc64le.whl", hash = "sha256:0a9f89d7db5ef6bdf53e5cc8e6199a493d0f1374b3171796b464a74ebe8e508a"},
    {file = "regex-2024.5.10-cp311-cp311-manylinux_2_17_s390x.manylinux2014_s390x.whl", hash = "sha256:8c6c71cf92b09e5faa72ea2c68aa1f61c9ce11cb66fdc5069d712f4392ddfd00"},
    {file = "regex-2024.5.10-cp311-cp311-manylinux_2_17_x86_64.manylinux2014_x86_64.whl", hash = "sha256:7467ad8b0eac0b28e52679e972b9b234b3de0ea5cee12eb50091d2b68145fe36"},
    {file = "regex-2024.5.10-cp311-cp311-manylinux_2_5_i686.manylinux1_i686.manylinux_2_17_i686.manylinux2014_i686.whl", hash = "sha256:bc0db93ad039fc2fe32ccd3dd0e0e70c4f3d6e37ae83f0a487e1aba939bd2fbd"},
    {file = "regex-2024.5.10-cp311-cp311-musllinux_1_1_aarch64.whl", hash = "sha256:fa9335674d7c819674467c7b46154196c51efbaf5f5715187fd366814ba3fa39"},
    {file = "regex-2024.5.10-cp311-cp311-musllinux_1_1_i686.whl", hash = "sha256:7dda3091838206969c2b286f9832dff41e2da545b99d1cfaea9ebd8584d02708"},
    {file = "regex-2024.5.10-cp311-cp311-musllinux_1_1_ppc64le.whl", hash = "sha256:504b5116e2bd1821efd815941edff7535e93372a098e156bb9dffde30264e798"},
    {file = "regex-2024.5.10-cp311-cp311-musllinux_1_1_s390x.whl", hash = "sha256:91b53dea84415e8115506cc62e441a2b54537359c63d856d73cb1abe05af4c9a"},
    {file = "regex-2024.5.10-cp311-cp311-musllinux_1_1_x86_64.whl", hash = "sha256:1a3903128f9e17a500618e80c68165c78c741ebb17dd1a0b44575f92c3c68b02"},
    {file = "regex-2024.5.10-cp311-cp311-win32.whl", hash = "sha256:236cace6c1903effd647ed46ce6dd5d76d54985fc36dafc5256032886736c85d"},
    {file = "regex-2024.5.10-cp311-cp311-win_amd64.whl", hash = "sha256:12446827f43c7881decf2c126762e11425de5eb93b3b0d8b581344c16db7047a"},
    {file = "regex-2024.5.10-cp312-cp312-macosx_10_9_universal2.whl", hash = "sha256:14905ed75c7a6edf423eb46c213ed3f4507c38115f1ed3c00f4ec9eafba50e58"},
    {file = "regex-2024.5.10-cp312-cp312-macosx_10_9_x86_64.whl", hash = "sha256:4fad420b14ae1970a1f322e8ae84a1d9d89375eb71e1b504060ab2d1bfe68f3c"},
    {file = "regex-2024.5.10-cp312-cp312-macosx_11_0_arm64.whl", hash = "sha256:c46a76a599fcbf95f98755275c5527304cc4f1bb69919434c1e15544d7052910"},
    {file = "regex-2024.5.10-cp312-cp312-manylinux_2_17_aarch64.manylinux2014_aarch64.whl", hash = "sha256:0faecb6d5779753a6066a3c7a0471a8d29fe25d9981ca9e552d6d1b8f8b6a594"},
    {file = "regex-2024.5.10-cp312-cp312-manylinux_2_17_ppc64le.manylinux2014_ppc64le.whl", hash = "sha256:aab65121229c2ecdf4a31b793d99a6a0501225bd39b616e653c87b219ed34a49"},
    {file = "regex-2024.5.10-cp312-cp312-manylinux_2_17_s390x.manylinux2014_s390x.whl", hash = "sha256:50e7e96a527488334379e05755b210b7da4a60fc5d6481938c1fa053e0c92184"},
    {file = "regex-2024.5.10-cp312-cp312-manylinux_2_17_x86_64.manylinux2014_x86_64.whl", hash = "sha256:ba034c8db4b264ef1601eb33cd23d87c5013b8fb48b8161debe2e5d3bd9156b0"},
    {file = "regex-2024.5.10-cp312-cp312-manylinux_2_5_i686.manylinux1_i686.manylinux_2_17_i686.manylinux2014_i686.whl", hash = "sha256:031219782d97550c2098d9a68ce9e9eaefe67d2d81d8ff84c8354f9c009e720c"},
    {file = "regex-2024.5.10-cp312-cp312-musllinux_1_1_aarch64.whl", hash = "sha256:62b5f7910b639f3c1d122d408421317c351e213ca39c964ad4121f27916631c6"},
    {file = "regex-2024.5.10-cp312-cp312-musllinux_1_1_i686.whl", hash = "sha256:cd832bd9b6120d6074f39bdfbb3c80e416848b07ac72910f1c7f03131a6debc3"},
    {file = "regex-2024.5.10-cp312-cp312-musllinux_1_1_ppc64le.whl", hash = "sha256:e91b1976358e17197157b405cab408a5f4e33310cda211c49fc6da7cffd0b2f0"},
    {file = "regex-2024.5.10-cp312-cp312-musllinux_1_1_s390x.whl", hash = "sha256:571452362d552de508c37191b6abbbb660028b8b418e2d68c20779e0bc8eaaa8"},
    {file = "regex-2024.5.10-cp312-cp312-musllinux_1_1_x86_64.whl", hash = "sha256:5253dcb0bfda7214523de58b002eb0090cb530d7c55993ce5f6d17faf953ece7"},
    {file = "regex-2024.5.10-cp312-cp312-win32.whl", hash = "sha256:2f30a5ab8902f93930dc6f627c4dd5da2703333287081c85cace0fc6e21c25af"},
    {file = "regex-2024.5.10-cp312-cp312-win_amd64.whl", hash = "sha256:3799e36d60a35162bb35b2246d8bb012192b7437dff807ef79c14e7352706306"},
    {file = "regex-2024.5.10.tar.gz", hash = "sha256:304e7e2418146ae4d0ef0e9ffa28f881f7874b45b4994cc2279b21b6e7ae50c8"},
]

[[package]]
name = "six"
version = "1.16.0"
requires_python = ">=2.7, !=3.0.*, !=3.1.*, !=3.2.*"
summary = "Python 2 and 3 compatibility utilities"
groups = ["dev"]
files = [
    {file = "six-1.16.0-py2.py3-none-any.whl", hash = "sha256:8abb2f1d86890a2dfb989f9a77cfcfd3e47c2a354b01111771326f8aa26e0254"},
    {file = "six-1.16.0.tar.gz", hash = "sha256:1e61c37477a1626458e36f7b1d82aa5c9b094fa4802892072e49de9c60c4c926"},
]

[[package]]
name = "snakeviz"
version = "2.2.0"
requires_python = ">=3.7"
summary = "A web-based viewer for Python profiler output"
groups = ["dev"]
dependencies = [
    "tornado>=2.0",
]
files = [
    {file = "snakeviz-2.2.0-py2.py3-none-any.whl", hash = "sha256:569e2d71c47f80a886aa6e70d6405cb6d30aa3520969ad956b06f824c5f02b8e"},
    {file = "snakeviz-2.2.0.tar.gz", hash = "sha256:7bfd00be7ae147eb4a170a471578e1cd3f41f803238958b6b8efcf2c698a6aa9"},
]

[[package]]
name = "sonatoki"
version = "0.3.2"
requires_python = ">=3.8"
path = "../sona-toki"
summary = "ilo li moku e toki li pana e sona ni: ni li toki ala toki pona?"
groups = ["default"]
dependencies = [
    "regex>=2023.12.25",
    "typing-extensions>=4.11.0",
    "unidecode>=1.3.6",
]

[[package]]
name = "stack-data"
version = "0.6.3"
summary = "Extract data from python stack frames and tracebacks for informative displays"
groups = ["dev"]
dependencies = [
    "asttokens>=2.1.0",
    "executing>=1.2.0",
    "pure-eval",
]
files = [
    {file = "stack_data-0.6.3-py3-none-any.whl", hash = "sha256:d5558e0c25a4cb0853cddad3d77da9891a08cb85dd9f9f91b9f8cd66e511e695"},
    {file = "stack_data-0.6.3.tar.gz", hash = "sha256:836a778de4fec4dcd1dcd89ed8abff8a221f58308462e1c4aa2a3cf30148f0b9"},
]

[[package]]
name = "tornado"
version = "6.4"
requires_python = ">= 3.8"
summary = "Tornado is a Python web framework and asynchronous networking library, originally developed at FriendFeed."
groups = ["dev"]
files = [
    {file = "tornado-6.4-cp38-abi3-macosx_10_9_universal2.whl", hash = "sha256:02ccefc7d8211e5a7f9e8bc3f9e5b0ad6262ba2fbb683a6443ecc804e5224ce0"},
    {file = "tornado-6.4-cp38-abi3-macosx_10_9_x86_64.whl", hash = "sha256:27787de946a9cffd63ce5814c33f734c627a87072ec7eed71f7fc4417bb16263"},
    {file = "tornado-6.4-cp38-abi3-manylinux_2_17_aarch64.manylinux2014_aarch64.whl", hash = "sha256:f7894c581ecdcf91666a0912f18ce5e757213999e183ebfc2c3fdbf4d5bd764e"},
    {file = "tornado-6.4-cp38-abi3-manylinux_2_5_i686.manylinux1_i686.manylinux_2_17_i686.manylinux2014_i686.whl", hash = "sha256:e43bc2e5370a6a8e413e1e1cd0c91bedc5bd62a74a532371042a18ef19e10579"},
    {file = "tornado-6.4-cp38-abi3-manylinux_2_5_x86_64.manylinux1_x86_64.manylinux_2_17_x86_64.manylinux2014_x86_64.whl", hash = "sha256:f0251554cdd50b4b44362f73ad5ba7126fc5b2c2895cc62b14a1c2d7ea32f212"},
    {file = "tornado-6.4-cp38-abi3-musllinux_1_1_aarch64.whl", hash = "sha256:fd03192e287fbd0899dd8f81c6fb9cbbc69194d2074b38f384cb6fa72b80e9c2"},
    {file = "tornado-6.4-cp38-abi3-musllinux_1_1_i686.whl", hash = "sha256:88b84956273fbd73420e6d4b8d5ccbe913c65d31351b4c004ae362eba06e1f78"},
    {file = "tornado-6.4-cp38-abi3-musllinux_1_1_x86_64.whl", hash = "sha256:71ddfc23a0e03ef2df1c1397d859868d158c8276a0603b96cf86892bff58149f"},
    {file = "tornado-6.4-cp38-abi3-win32.whl", hash = "sha256:6f8a6c77900f5ae93d8b4ae1196472d0ccc2775cc1dfdc9e7727889145c45052"},
    {file = "tornado-6.4-cp38-abi3-win_amd64.whl", hash = "sha256:10aeaa8006333433da48dec9fe417877f8bcc21f48dda8d661ae79da357b2a63"},
    {file = "tornado-6.4.tar.gz", hash = "sha256:72291fa6e6bc84e626589f1c29d90a5a6d593ef5ae68052ee2ef000dfd273dee"},
]

[[package]]
name = "traitlets"
version = "5.14.3"
requires_python = ">=3.8"
summary = "Traitlets Python configuration system"
groups = ["dev"]
files = [
    {file = "traitlets-5.14.3-py3-none-any.whl", hash = "sha256:b74e89e397b1ed28cc831db7aea759ba6640cb3de13090ca145426688ff1ac4f"},
    {file = "traitlets-5.14.3.tar.gz", hash = "sha256:9ed0579d3502c94b4b3732ac120375cda96f923114522847de4b3bb98b96b6b7"},
]

[[package]]
name = "typing-extensions"
version = "4.11.0"
requires_python = ">=3.8"
summary = "Backported and Experimental Type Hints for Python 3.8+"
groups = ["default", "dev"]
files = [
    {file = "typing_extensions-4.11.0-py3-none-any.whl", hash = "sha256:c1f94d72897edaf4ce775bb7558d5b79d8126906a14ea5ed1635921406c0387a"},
    {file = "typing_extensions-4.11.0.tar.gz", hash = "sha256:83f085bd5ca59c80295fc2a82ab5dac679cbe02b9f33f7d83af68e241bea51b0"},
]

[[package]]
name = "unidecode"
version = "1.3.8"
requires_python = ">=3.5"
summary = "ASCII transliterations of Unicode text"
groups = ["default"]
files = [
    {file = "Unidecode-1.3.8-py3-none-any.whl", hash = "sha256:d130a61ce6696f8148a3bd8fe779c99adeb4b870584eeb9526584e9aa091fd39"},
    {file = "Unidecode-1.3.8.tar.gz", hash = "sha256:cfdb349d46ed3873ece4586b96aa75258726e2fa8ec21d6f00a591d98806c2f4"},
]

[[package]]
name = "wcwidth"
version = "0.2.13"
summary = "Measures the displayed width of unicode strings in a terminal"
groups = ["dev"]
files = [
    {file = "wcwidth-0.2.13-py2.py3-none-any.whl", hash = "sha256:3da69048e4540d84af32131829ff948f1e022c1c6bdb8d6102117aac784f6859"},
    {file = "wcwidth-0.2.13.tar.gz", hash = "sha256:72ea0c06399eb286d978fdedb6923a9eb47e1c486ce63e9b4e64fc18303972b5"},
]
