# This file is @generated by PDM.
# It is not intended for manual editing.

[metadata]
groups = ["default"]
strategy = ["cross_platform", "inherit_metadata"]
lock_version = "4.4.1"
content_hash = "sha256:8efa1b626baa9fe9564a445c76eb79b1ac5f8d93356bece1fd16c41c214fc27e"

[[package]]
name = "regex"
version = "2024.4.28"
requires_python = ">=3.8"
summary = "Alternative regular expression module, to replace re."
groups = ["default"]
files = [
    {file = "regex-2024.4.28-cp311-cp311-macosx_10_9_universal2.whl", hash = "sha256:84077821c85f222362b72fdc44f7a3a13587a013a45cf14534df1cbbdc9a6796"},
    {file = "regex-2024.4.28-cp311-cp311-macosx_10_9_x86_64.whl", hash = "sha256:b45d4503de8f4f3dc02f1d28a9b039e5504a02cc18906cfe744c11def942e9eb"},
    {file = "regex-2024.4.28-cp311-cp311-macosx_11_0_arm64.whl", hash = "sha256:457c2cd5a646dd4ed536c92b535d73548fb8e216ebee602aa9f48e068fc393f3"},
    {file = "regex-2024.4.28-cp311-cp311-manylinux_2_17_aarch64.manylinux2014_aarch64.whl", hash = "sha256:2b51739ddfd013c6f657b55a508de8b9ea78b56d22b236052c3a85a675102dc6"},
    {file = "regex-2024.4.28-cp311-cp311-manylinux_2_17_ppc64le.manylinux2014_ppc64le.whl", hash = "sha256:459226445c7d7454981c4c0ce0ad1a72e1e751c3e417f305722bbcee6697e06a"},
    {file = "regex-2024.4.28-cp311-cp311-manylinux_2_17_s390x.manylinux2014_s390x.whl", hash = "sha256:670fa596984b08a4a769491cbdf22350431970d0112e03d7e4eeaecaafcd0fec"},
    {file = "regex-2024.4.28-cp311-cp311-manylinux_2_17_x86_64.manylinux2014_x86_64.whl", hash = "sha256:fe00f4fe11c8a521b173e6324d862ee7ee3412bf7107570c9b564fe1119b56fb"},
    {file = "regex-2024.4.28-cp311-cp311-manylinux_2_5_i686.manylinux1_i686.manylinux_2_17_i686.manylinux2014_i686.whl", hash = "sha256:36f392dc7763fe7924575475736bddf9ab9f7a66b920932d0ea50c2ded2f5636"},
    {file = "regex-2024.4.28-cp311-cp311-musllinux_1_1_aarch64.whl", hash = "sha256:23a412b7b1a7063f81a742463f38821097b6a37ce1e5b89dd8e871d14dbfd86b"},
    {file = "regex-2024.4.28-cp311-cp311-musllinux_1_1_i686.whl", hash = "sha256:f1d6e4b7b2ae3a6a9df53efbf199e4bfcff0959dbdb5fd9ced34d4407348e39a"},
    {file = "regex-2024.4.28-cp311-cp311-musllinux_1_1_ppc64le.whl", hash = "sha256:499334ad139557de97cbc4347ee921c0e2b5e9c0f009859e74f3f77918339257"},
    {file = "regex-2024.4.28-cp311-cp311-musllinux_1_1_s390x.whl", hash = "sha256:0940038bec2fe9e26b203d636c44d31dd8766abc1fe66262da6484bd82461ccf"},
    {file = "regex-2024.4.28-cp311-cp311-musllinux_1_1_x86_64.whl", hash = "sha256:66372c2a01782c5fe8e04bff4a2a0121a9897e19223d9eab30c54c50b2ebeb7f"},
    {file = "regex-2024.4.28-cp311-cp311-win32.whl", hash = "sha256:c77d10ec3c1cf328b2f501ca32583625987ea0f23a0c2a49b37a39ee5c4c4630"},
    {file = "regex-2024.4.28-cp311-cp311-win_amd64.whl", hash = "sha256:fc0916c4295c64d6890a46e02d4482bb5ccf33bf1a824c0eaa9e83b148291f90"},
    {file = "regex-2024.4.28-cp312-cp312-macosx_10_9_universal2.whl", hash = "sha256:08a1749f04fee2811c7617fdd46d2e46d09106fa8f475c884b65c01326eb15c5"},
    {file = "regex-2024.4.28-cp312-cp312-macosx_10_9_x86_64.whl", hash = "sha256:b8eb28995771c087a73338f695a08c9abfdf723d185e57b97f6175c5051ff1ae"},
    {file = "regex-2024.4.28-cp312-cp312-macosx_11_0_arm64.whl", hash = "sha256:dd7ef715ccb8040954d44cfeff17e6b8e9f79c8019daae2fd30a8806ef5435c0"},
    {file = "regex-2024.4.28-cp312-cp312-manylinux_2_17_aarch64.manylinux2014_aarch64.whl", hash = "sha256:fb0315a2b26fde4005a7c401707c5352df274460f2f85b209cf6024271373013"},
    {file = "regex-2024.4.28-cp312-cp312-manylinux_2_17_ppc64le.manylinux2014_ppc64le.whl", hash = "sha256:f2fc053228a6bd3a17a9b0a3f15c3ab3cf95727b00557e92e1cfe094b88cc662"},
    {file = "regex-2024.4.28-cp312-cp312-manylinux_2_17_s390x.manylinux2014_s390x.whl", hash = "sha256:7fe9739a686dc44733d52d6e4f7b9c77b285e49edf8570754b322bca6b85b4cc"},
    {file = "regex-2024.4.28-cp312-cp312-manylinux_2_17_x86_64.manylinux2014_x86_64.whl", hash = "sha256:a74fcf77d979364f9b69fcf8200849ca29a374973dc193a7317698aa37d8b01c"},
    {file = "regex-2024.4.28-cp312-cp312-manylinux_2_5_i686.manylinux1_i686.manylinux_2_17_i686.manylinux2014_i686.whl", hash = "sha256:965fd0cf4694d76f6564896b422724ec7b959ef927a7cb187fc6b3f4e4f59833"},
    {file = "regex-2024.4.28-cp312-cp312-musllinux_1_1_aarch64.whl", hash = "sha256:2fef0b38c34ae675fcbb1b5db760d40c3fc3612cfa186e9e50df5782cac02bcd"},
    {file = "regex-2024.4.28-cp312-cp312-musllinux_1_1_i686.whl", hash = "sha256:bc365ce25f6c7c5ed70e4bc674f9137f52b7dd6a125037f9132a7be52b8a252f"},
    {file = "regex-2024.4.28-cp312-cp312-musllinux_1_1_ppc64le.whl", hash = "sha256:ac69b394764bb857429b031d29d9604842bc4cbfd964d764b1af1868eeebc4f0"},
    {file = "regex-2024.4.28-cp312-cp312-musllinux_1_1_s390x.whl", hash = "sha256:144a1fc54765f5c5c36d6d4b073299832aa1ec6a746a6452c3ee7b46b3d3b11d"},
    {file = "regex-2024.4.28-cp312-cp312-musllinux_1_1_x86_64.whl", hash = "sha256:2630ca4e152c221072fd4a56d4622b5ada876f668ecd24d5ab62544ae6793ed6"},
    {file = "regex-2024.4.28-cp312-cp312-win32.whl", hash = "sha256:7f3502f03b4da52bbe8ba962621daa846f38489cae5c4a7b5d738f15f6443d17"},
    {file = "regex-2024.4.28-cp312-cp312-win_amd64.whl", hash = "sha256:0dd3f69098511e71880fb00f5815db9ed0ef62c05775395968299cb400aeab82"},
    {file = "regex-2024.4.28.tar.gz", hash = "sha256:83ab366777ea45d58f72593adf35d36ca911ea8bd838483c1823b883a121b0e4"},
]

[[package]]
name = "sonatoki"
version = "0.1.2"
requires_python = ">=3.8"
summary = "ilo li moku e toki li pana e sona ni: ni li toki ala toki pona?"
groups = ["default"]
dependencies = [
    "regex>=2023.12.25",
    "typing-extensions>=4.11.0",
    "unidecode>=1.3.6",
]
files = [
    {file = "sonatoki-0.1.2-py3-none-any.whl", hash = "sha256:11901fff30932c8373bdfdf727a1a0a985b6ca882b5bcce56363437a87c32c13"},
    {file = "sonatoki-0.1.2.tar.gz", hash = "sha256:62fcabb522c6f62cd8c80dd12da701d4c6a1bb6fd9a20ec78c2c379f5ee0cc17"},
]

[[package]]
name = "typing-extensions"
version = "4.11.0"
requires_python = ">=3.8"
summary = "Backported and Experimental Type Hints for Python 3.8+"
groups = ["default"]
files = [
    {file = "typing_extensions-4.11.0-py3-none-any.whl", hash = "sha256:c1f94d72897edaf4ce775bb7558d5b79d8126906a14ea5ed1635921406c0387a"},
    {file = "typing_extensions-4.11.0.tar.gz", hash = "sha256:83f085bd5ca59c80295fc2a82ab5dac679cbe02b9f33f7d83af68e241bea51b0"},
]

[[package]]
name = "unidecode"
version = "1.3.8"
requires_python = ">=3.5"
summary = "ASCII transliterations of Unicode text"
groups = ["default"]
files = [
    {file = "Unidecode-1.3.8-py3-none-any.whl", hash = "sha256:d130a61ce6696f8148a3bd8fe779c99adeb4b870584eeb9526584e9aa091fd39"},
    {file = "Unidecode-1.3.8.tar.gz", hash = "sha256:cfdb349d46ed3873ece4586b96aa75258726e2fa8ec21d6f00a591d98806c2f4"},
]
